
Microsoft Visual Studio Solution File, Format Version 12.00
# Visual Studio Version 17
VisualStudioVersion = 17.3.32819.101
MinimumVisualStudioVersion = 10.0.40219.1
Project("{FAE04EC0-301F-11D3-BF4B-00C04F79EFBC}") = "Programering mannen", "Programering mannen.csproj", "{1BCCDA71-1FF9-424B-A7B1-A20EF71B0F99}"
EndProject
Global
	GlobalSection(SolutionConfigurationPlatforms) = preSolution
		Debug|Any CPU = Debug|Any CPU
		Release|Any CPU = Release|Any CPU
	EndGlobalSection
	GlobalSection(ProjectConfigurationPlatforms) = postSolution
		{1BCCDA71-1FF9-424B-A7B1-A20EF71B0F99}.Debug|Any CPU.ActiveCfg = Debug|Any CPU
		{1BCCDA71-1FF9-424B-A7B1-A20EF71B0F99}.Debug|Any CPU.Build.0 = Debug|Any CPU
		{1BCCDA71-1FF9-424B-A7B1-A20EF71B0F99}.Release|Any CPU.ActiveCfg = Release|Any CPU
		{1BCCDA71-1FF9-424B-A7B1-A20EF71B0F99}.Release|Any CPU.Build.0 = Release|Any CPU
	EndGlobalSection
	GlobalSection(SolutionProperties) = preSolution
		HideSolutionNode = FALSE
	EndGlobalSection
	GlobalSection(ExtensibilityGlobals) = postSolution
		SolutionGuid = {AF8B5499-2249-41B8-BB7E-5C6666A94FE1}
	EndGlobalSection
EndGlobal
